// !$*UTF8*$!
{
	archiveVersion = 1;
	classes = {
	};
	objectVersion = 46;
	objects = {

/* Begin PBXBuildFile section */
		ED628EC51D3576BA00FE7F94 /* main.m in Sources */ = {isa = PBXBuildFile; fileRef = ED628EC41D3576BA00FE7F94 /* main.m */; };
		ED628EC81D3576BA00FE7F94 /* AppDelegate.m in Sources */ = {isa = PBXBuildFile; fileRef = ED628EC71D3576BA00FE7F94 /* AppDelegate.m */; };
		ED628ECB1D3576BA00FE7F94 /* ViewController.m in Sources */ = {isa = PBXBuildFile; fileRef = ED628ECA1D3576BA00FE7F94 /* ViewController.m */; };
		ED628ECE1D3576BA00FE7F94 /* Main.storyboard in Resources */ = {isa = PBXBuildFile; fileRef = ED628ECC1D3576BA00FE7F94 /* Main.storyboard */; };
		ED628ED11D3576BA00FE7F94 /* discount_ascii_warehouse.xcdatamodeld in Sources */ = {isa = PBXBuildFile; fileRef = ED628ECF1D3576BA00FE7F94 /* discount_ascii_warehouse.xcdatamodeld */; };
		ED628ED31D3576BA00FE7F94 /* Assets.xcassets in Resources */ = {isa = PBXBuildFile; fileRef = ED628ED21D3576BA00FE7F94 /* Assets.xcassets */; };
		ED628ED61D3576BA00FE7F94 /* LaunchScreen.storyboard in Resources */ = {isa = PBXBuildFile; fileRef = ED628ED41D3576BA00FE7F94 /* LaunchScreen.storyboard */; };
		FE1B861AECD8C76C4E7596ED /* Pods_discount_ascii_warehouse.framework in Frameworks */ = {isa = PBXBuildFile; fileRef = EDDDF8ED7116B0EB2D98DCEC /* Pods_discount_ascii_warehouse.framework */; };
/* End PBXBuildFile section */

/* Begin PBXFileReference section */
		3DC7FAAE390EF1502E447AC8 /* Pods-discount_ascii_warehouse.release.xcconfig */ = {isa = PBXFileReference; includeInIndex = 1; lastKnownFileType = text.xcconfig; name = "Pods-discount_ascii_warehouse.release.xcconfig"; path = "Pods/Target Support Files/Pods-discount_ascii_warehouse/Pods-discount_ascii_warehouse.release.xcconfig"; sourceTree = "<group>"; };
		7632A3E25057FDADE3AA3D8B /* Pods-discount_ascii_warehouse.debug.xcconfig */ = {isa = PBXFileReference; includeInIndex = 1; lastKnownFileType = text.xcconfig; name = "Pods-discount_ascii_warehouse.debug.xcconfig"; path = "Pods/Target Support Files/Pods-discount_ascii_warehouse/Pods-discount_ascii_warehouse.debug.xcconfig"; sourceTree = "<group>"; };
		ED628EC01D3576BA00FE7F94 /* discount_ascii_warehouse.app */ = {isa = PBXFileReference; explicitFileType = wrapper.application; includeInIndex = 0; path = discount_ascii_warehouse.app; sourceTree = BUILT_PRODUCTS_DIR; };
		ED628EC41D3576BA00FE7F94 /* main.m */ = {isa = PBXFileReference; lastKnownFileType = sourcecode.c.objc; path = main.m; sourceTree = "<group>"; };
		ED628EC61D3576BA00FE7F94 /* AppDelegate.h */ = {isa = PBXFileReference; lastKnownFileType = sourcecode.c.h; path = AppDelegate.h; sourceTree = "<group>"; };
		ED628EC71D3576BA00FE7F94 /* AppDelegate.m */ = {isa = PBXFileReference; lastKnownFileType = sourcecode.c.objc; path = AppDelegate.m; sourceTree = "<group>"; };
		ED628EC91D3576BA00FE7F94 /* ViewController.h */ = {isa = PBXFileReference; lastKnownFileType = sourcecode.c.h; path = ViewController.h; sourceTree = "<group>"; };
		ED628ECA1D3576BA00FE7F94 /* ViewController.m */ = {isa = PBXFileReference; lastKnownFileType = sourcecode.c.objc; path = ViewController.m; sourceTree = "<group>"; };
		ED628ECD1D3576BA00FE7F94 /* Base */ = {isa = PBXFileReference; lastKnownFileType = file.storyboard; name = Base; path = Base.lproj/Main.storyboard; sourceTree = "<group>"; };
		ED628ED01D3576BA00FE7F94 /* discount_ascii_warehouse.xcdatamodel */ = {isa = PBXFileReference; lastKnownFileType = wrapper.xcdatamodel; path = discount_ascii_warehouse.xcdatamodel; sourceTree = "<group>"; };
		ED628ED21D3576BA00FE7F94 /* Assets.xcassets */ = {isa = PBXFileReference; lastKnownFileType = folder.assetcatalog; path = Assets.xcassets; sourceTree = "<group>"; };
		ED628ED51D3576BA00FE7F94 /* Base */ = {isa = PBXFileReference; lastKnownFileType = file.storyboard; name = Base; path = Base.lproj/LaunchScreen.storyboard; sourceTree = "<group>"; };
		ED628ED71D3576BA00FE7F94 /* Info.plist */ = {isa = PBXFileReference; lastKnownFileType = text.plist.xml; path = Info.plist; sourceTree = "<group>"; };
		EDDDF8ED7116B0EB2D98DCEC /* Pods_discount_ascii_warehouse.framework */ = {isa = PBXFileReference; explicitFileType = wrapper.framework; includeInIndex = 0; path = Pods_discount_ascii_warehouse.framework; sourceTree = BUILT_PRODUCTS_DIR; };
/* End PBXFileReference section */

/* Begin PBXFrameworksBuildPhase section */
		ED628EBD1D3576BA00FE7F94 /* Frameworks */ = {
			isa = PBXFrameworksBuildPhase;
			buildActionMask = 2147483647;
			files = (
				FE1B861AECD8C76C4E7596ED /* Pods_discount_ascii_warehouse.framework in Frameworks */,
			);
			runOnlyForDeploymentPostprocessing = 0;
		};
/* End PBXFrameworksBuildPhase section */

/* Begin PBXGroup section */
		B83B1D735F4113D6F08469A1 /* Frameworks */ = {
			isa = PBXGroup;
			children = (
				EDDDF8ED7116B0EB2D98DCEC /* Pods_discount_ascii_warehouse.framework */,
			);
			name = Frameworks;
			sourceTree = "<group>";
		};
		EB28A0DCBA55045408D14521 /* Pods */ = {
			isa = PBXGroup;
			children = (
				7632A3E25057FDADE3AA3D8B /* Pods-discount_ascii_warehouse.debug.xcconfig */,
				3DC7FAAE390EF1502E447AC8 /* Pods-discount_ascii_warehouse.release.xcconfig */,
			);
			name = Pods;
			sourceTree = "<group>";
		};
		ED628EB71D3576BA00FE7F94 = {
			isa = PBXGroup;
			children = (
				ED628EC21D3576BA00FE7F94 /* discount_ascii_warehouse */,
				ED628EC11D3576BA00FE7F94 /* Products */,
				EB28A0DCBA55045408D14521 /* Pods */,
				B83B1D735F4113D6F08469A1 /* Frameworks */,
			);
			sourceTree = "<group>";
		};
		ED628EC11D3576BA00FE7F94 /* Products */ = {
			isa = PBXGroup;
			children = (
				ED628EC01D3576BA00FE7F94 /* discount_ascii_warehouse.app */,
			);
			name = Products;
			sourceTree = "<group>";
		};
		ED628EC21D3576BA00FE7F94 /* discount_ascii_warehouse */ = {
			isa = PBXGroup;
			children = (
				ED628EDD1D3577B700FE7F94 /* Application */,
				ED628EDE1D3577C500FE7F94 /* MVC */,
				ED628EC31D3576BA00FE7F94 /* Supporting Files */,
				ED628EE11D3577DF00FE7F94 /* Vendors */,
			);
			path = discount_ascii_warehouse;
			sourceTree = "<group>";
		};
		ED628EC31D3576BA00FE7F94 /* Supporting Files */ = {
			isa = PBXGroup;
			children = (
				ED628EC41D3576BA00FE7F94 /* main.m */,
			);
			name = "Supporting Files";
			sourceTree = "<group>";
		};
		ED628EDD1D3577B700FE7F94 /* Application */ = {
			isa = PBXGroup;
			children = (
				ED628EC61D3576BA00FE7F94 /* AppDelegate.h */,
				ED628EC71D3576BA00FE7F94 /* AppDelegate.m */,
				ED628ED41D3576BA00FE7F94 /* LaunchScreen.storyboard */,
				ED628ECC1D3576BA00FE7F94 /* Main.storyboard */,
			);
			name = Application;
			sourceTree = "<group>";
		};
		ED628EDE1D3577C500FE7F94 /* MVC */ = {
			isa = PBXGroup;
			children = (
				ED628EDF1D3577CA00FE7F94 /* Models */,
				ED628EE01D3577CF00FE7F94 /* View-Controllers */,
			);
			name = MVC;
			sourceTree = "<group>";
		};
		ED628EDF1D3577CA00FE7F94 /* Models */ = {
			isa = PBXGroup;
			children = (
				ED628ECF1D3576BA00FE7F94 /* discount_ascii_warehouse.xcdatamodeld */,
			);
			name = Models;
			sourceTree = "<group>";
		};
		ED628EE01D3577CF00FE7F94 /* View-Controllers */ = {
			isa = PBXGroup;
			children = (
				ED628EC91D3576BA00FE7F94 /* ViewController.h */,
				ED628ECA1D3576BA00FE7F94 /* ViewController.m */,
			);
			name = "View-Controllers";
			sourceTree = "<group>";
		};
		ED628EE11D3577DF00FE7F94 /* Vendors */ = {
			isa = PBXGroup;
			children = (
				ED628ED21D3576BA00FE7F94 /* Assets.xcassets */,
				ED628ED71D3576BA00FE7F94 /* Info.plist */,
			);
			name = Vendors;
			sourceTree = "<group>";
		};
/* End PBXGroup section */

/* Begin PBXNativeTarget section */
		ED628EBF1D3576BA00FE7F94 /* discount_ascii_warehouse */ = {
			isa = PBXNativeTarget;
			buildConfigurationList = ED628EDA1D3576BA00FE7F94 /* Build configuration list for PBXNativeTarget "discount_ascii_warehouse" */;
			buildPhases = (
				39EF4FCB25ED33A444CDA617 /* [CP] Check Pods Manifest.lock */,
				ED628EBC1D3576BA00FE7F94 /* Sources */,
				ED628EBD1D3576BA00FE7F94 /* Frameworks */,
				ED628EBE1D3576BA00FE7F94 /* Resources */,
				F0BBADF4C38DBA93A10ACB52 /* [CP] Embed Pods Frameworks */,
				D37316E671FF3B8C4155D0F4 /* [CP] Copy Pods Resources */,
			);
			buildRules = (
			);
			dependencies = (
			);
			name = discount_ascii_warehouse;
			productName = discount_ascii_warehouse;
			productReference = ED628EC01D3576BA00FE7F94 /* discount_ascii_warehouse.app */;
			productType = "com.apple.product-type.application";
		};
/* End PBXNativeTarget section */

/* Begin PBXProject section */
		ED628EB81D3576BA00FE7F94 /* Project object */ = {
			isa = PBXProject;
			attributes = {
				LastUpgradeCheck = 0730;
				ORGANIZATIONNAME = "Vitor Oliveira";
				TargetAttributes = {
					ED628EBF1D3576BA00FE7F94 = {
						CreatedOnToolsVersion = 7.3.1;
					};
				};
			};
			buildConfigurationList = ED628EBB1D3576BA00FE7F94 /* Build configuration list for PBXProject "discount_ascii_warehouse" */;
			compatibilityVersion = "Xcode 3.2";
			developmentRegion = English;
			hasScannedForEncodings = 0;
			knownRegions = (
				en,
				Base,
			);
			mainGroup = ED628EB71D3576BA00FE7F94;
			productRefGroup = ED628EC11D3576BA00FE7F94 /* Products */;
			projectDirPath = "";
			projectRoot = "";
			targets = (
				ED628EBF1D3576BA00FE7F94 /* discount_ascii_warehouse */,
			);
		};
/* End PBXProject section */

/* Begin PBXResourcesBuildPhase section */
		ED628EBE1D3576BA00FE7F94 /* Resources */ = {
			isa = PBXResourcesBuildPhase;
			buildActionMask = 2147483647;
			files = (
				ED628ED61D3576BA00FE7F94 /* LaunchScreen.storyboard in Resources */,
				ED628ED31D3576BA00FE7F94 /* Assets.xcassets in Resources */,
				ED628ECE1D3576BA00FE7F94 /* Main.storyboard in Resources */,
			);
			runOnlyForDeploymentPostprocessing = 0;
		};
/* End PBXResourcesBuildPhase section */

/* Begin PBXShellScriptBuildPhase section */
		39EF4FCB25ED33A444CDA617 /* [CP] Check Pods Manifest.lock */ = {
			isa = PBXShellScriptBuildPhase;
			buildActionMask = 2147483647;
			files = (
			);
			inputPaths = (
			);
			name = "[CP] Check Pods Manifest.lock";
			outputPaths = (
			);
			runOnlyForDeploymentPostprocessing = 0;
			shellPath = /bin/sh;
			shellScript = "diff \"${PODS_ROOT}/../Podfile.lock\" \"${PODS_ROOT}/Manifest.lock\" > /dev/null\nif [[ $? != 0 ]] ; then\n    cat << EOM\nerror: The sandbox is not in sync with the Podfile.lock. Run 'pod install' or update your CocoaPods installation.\nEOM\n    exit 1\nfi\n";
			showEnvVarsInLog = 0;
		};
		D37316E671FF3B8C4155D0F4 /* [CP] Copy Pods Resources */ = {
			isa = PBXShellScriptBuildPhase;
			buildActionMask = 2147483647;
			files = (
			);
			inputPaths = (
			);
			name = "[CP] Copy Pods Resources";
			outputPaths = (
			);
			runOnlyForDeploymentPostprocessing = 0;
			shellPath = /bin/sh;
			shellScript = "\"${SRCROOT}/Pods/Target Support Files/Pods-discount_ascii_warehouse/Pods-discount_ascii_warehouse-resources.sh\"\n";
			showEnvVarsInLog = 0;
		};
		F0BBADF4C38DBA93A10ACB52 /* [CP] Embed Pods Frameworks */ = {
			isa = PBXShellScriptBuildPhase;
			buildActionMask = 2147483647;
			files = (
			);
			inputPaths = (
			);
			name = "[CP] Embed Pods Frameworks";
			outputPaths = (
			);
			runOnlyForDeploymentPostprocessing = 0;
			shellPath = /bin/sh;
			shellScript = "\"${SRCROOT}/Pods/Target Support Files/Pods-discount_ascii_warehouse/Pods-discount_ascii_warehouse-frameworks.sh\"\n";
			showEnvVarsInLog = 0;
		};
/* End PBXShellScriptBuildPhase section */

/* Begin PBXSourcesBuildPhase section */
		ED628EBC1D3576BA00FE7F94 /* Sources */ = {
			isa = PBXSourcesBuildPhase;
			buildActionMask = 2147483647;
			files = (
				ED628ED11D3576BA00FE7F94 /* discount_ascii_warehouse.xcdatamodeld in Sources */,
				ED628ECB1D3576BA00FE7F94 /* ViewController.m in Sources */,
				ED628EC81D3576BA00FE7F94 /* AppDelegate.m in Sources */,
				ED628EC51D3576BA00FE7F94 /* main.m in Sources */,
			);
			runOnlyForDeploymentPostprocessing = 0;
		};
/* End PBXSourcesBuildPhase section */

/* Begin PBXVariantGroup section */
		ED628ECC1D3576BA00FE7F94 /* Main.storyboard */ = {
			isa = PBXVariantGroup;
			children = (
				ED628ECD1D3576BA00FE7F94 /* Base */,
			);
			name = Main.storyboard;
			sourceTree = "<group>";
		};
		ED628ED41D3576BA00FE7F94 /* LaunchScreen.storyboard */ = {
			isa = PBXVariantGroup;
			children = (
				ED628ED51D3576BA00FE7F94 /* Base */,
			);
			name = LaunchScreen.storyboard;
			sourceTree = "<group>";
		};
/* End PBXVariantGroup section */

/* Begin XCBuildConfiguration section */
		ED628ED81D3576BA00FE7F94 /* Debug */ = {
			isa = XCBuildConfiguration;
			buildSettings = {
				ALWAYS_SEARCH_USER_PATHS = NO;
				CLANG_ANALYZER_NONNULL = YES;
				CLANG_CXX_LANGUAGE_STANDARD = "gnu++0x";
				CLANG_CXX_LIBRARY = "libc++";
				CLANG_ENABLE_MODULES = YES;
				CLANG_ENABLE_OBJC_ARC = YES;
				CLANG_WARN_BOOL_CONVERSION = YES;
				CLANG_WARN_CONSTANT_CONVERSION = YES;
				CLANG_WARN_DIRECT_OBJC_ISA_USAGE = YES_ERROR;
				CLANG_WARN_EMPTY_BODY = YES;
				CLANG_WARN_ENUM_CONVERSION = YES;
				CLANG_WARN_INT_CONVERSION = YES;
				CLANG_WARN_OBJC_ROOT_CLASS = YES_ERROR;
				CLANG_WARN_UNREACHABLE_CODE = YES;
				CLANG_WARN__DUPLICATE_METHOD_MATCH = YES;
				"CODE_SIGN_IDENTITY[sdk=iphoneos*]" = "iPhone Developer";
				COPY_PHASE_STRIP = NO;
				DEBUG_INFORMATION_FORMAT = dwarf;
				ENABLE_STRICT_OBJC_MSGSEND = YES;
				ENABLE_TESTABILITY = YES;
				GCC_C_LANGUAGE_STANDARD = gnu99;
				GCC_DYNAMIC_NO_PIC = NO;
				GCC_NO_COMMON_BLOCKS = YES;
				GCC_OPTIMIZATION_LEVEL = 0;
				GCC_PREPROCESSOR_DEFINITIONS = (
					"DEBUG=1",
					"$(inherited)",
				);
				GCC_WARN_64_TO_32_BIT_CONVERSION = YES;
				GCC_WARN_ABOUT_RETURN_TYPE = YES_ERROR;
				GCC_WARN_UNDECLARED_SELECTOR = YES;
				GCC_WARN_UNINITIALIZED_AUTOS = YES_AGGRESSIVE;
				GCC_WARN_UNUSED_FUNCTION = YES;
				GCC_WARN_UNUSED_VARIABLE = YES;
				IPHONEOS_DEPLOYMENT_TARGET = 9.3;
				MTL_ENABLE_DEBUG_INFO = YES;
				ONLY_ACTIVE_ARCH = YES;
				SDKROOT = iphoneos;
			};
			name = Debug;
		};
		ED628ED91D3576BA00FE7F94 /* Release */ = {
			isa = XCBuildConfiguration;
			buildSettings = {
				ALWAYS_SEARCH_USER_PATHS = NO;
				CLANG_ANALYZER_NONNULL = YES;
				CLANG_CXX_LANGUAGE_STANDARD = "gnu++0x";
				CLANG_CXX_LIBRARY = "libc++";
				CLANG_ENABLE_MODULES = YES;
				CLANG_ENABLE_OBJC_ARC = YES;
				CLANG_WARN_BOOL_CONVERSION = YES;
				CLANG_WARN_CONSTANT_CONVERSION = YES;
				CLANG_WARN_DIRECT_OBJC_ISA_USAGE = YES_ERROR;
				CLANG_WARN_EMPTY_BODY = YES;
				CLANG_WARN_ENUM_CONVERSION = YES;
				CLANG_WARN_INT_CONVERSION = YES;
				CLANG_WARN_OBJC_ROOT_CLASS = YES_ERROR;
				CLANG_WARN_UNREACHABLE_CODE = YES;
				CLANG_WARN__DUPLICATE_METHOD_MATCH = YES;
				"CODE_SIGN_IDENTITY[sdk=iphoneos*]" = "iPhone Developer";
				COPY_PHASE_STRIP = NO;
				DEBUG_INFORMATION_FORMAT = "dwarf-with-dsym";
				ENABLE_NS_ASSERTIONS = NO;
				ENABLE_STRICT_OBJC_MSGSEND = YES;
				GCC_C_LANGUAGE_STANDARD = gnu99;
				GCC_NO_COMMON_BLOCKS = YES;
				GCC_WARN_64_TO_32_BIT_CONVERSION = YES;
				GCC_WARN_ABOUT_RETURN_TYPE = YES_ERROR;
				GCC_WARN_UNDECLARED_SELECTOR = YES;
				GCC_WARN_UNINITIALIZED_AUTOS = YES_AGGRESSIVE;
				GCC_WARN_UNUSED_FUNCTION = YES;
				GCC_WARN_UNUSED_VARIABLE = YES;
				IPHONEOS_DEPLOYMENT_TARGET = 9.3;
				MTL_ENABLE_DEBUG_INFO = NO;
				SDKROOT = iphoneos;
				VALIDATE_PRODUCT = YES;
			};
			name = Release;
		};
		ED628EDB1D3576BA00FE7F94 /* Debug */ = {
			isa = XCBuildConfiguration;
			baseConfigurationReference = 7632A3E25057FDADE3AA3D8B /* Pods-discount_ascii_warehouse.debug.xcconfig */;
			buildSettings = {
				ASSETCATALOG_COMPILER_APPICON_NAME = AppIcon;
				INFOPLIST_FILE = discount_ascii_warehouse/Info.plist;
				LD_RUNPATH_SEARCH_PATHS = "$(inherited) @executable_path/Frameworks";
				PRODUCT_BUNDLE_IDENTIFIER = "myProjects.discount-ascii-warehouse";
				PRODUCT_NAME = "$(TARGET_NAME)";
			};
			name = Debug;
		};
		ED628EDC1D3576BA00FE7F94 /* Release */ = {
			isa = XCBuildConfiguration;
			baseConfigurationReference = 3DC7FAAE390EF1502E447AC8 /* Pods-discount_ascii_warehouse.release.xcconfig */;
			buildSettings = {
				ASSETCATALOG_COMPILER_APPICON_NAME = AppIcon;
				INFOPLIST_FILE = discount_ascii_warehouse/Info.plist;
				LD_RUNPATH_SEARCH_PATHS = "$(inherited) @executable_path/Frameworks";
				PRODUCT_BUNDLE_IDENTIFIER = "myProjects.discount-ascii-warehouse";
				PRODUCT_NAME = "$(TARGET_NAME)";
			};
			name = Release;
		};
/* End XCBuildConfiguration section */

/* Begin XCConfigurationList section */
		ED628EBB1D3576BA00FE7F94 /* Build configuration list for PBXProject "discount_ascii_warehouse" */ = {
			isa = XCConfigurationList;
			buildConfigurations = (
				ED628ED81D3576BA00FE7F94 /* Debug */,
				ED628ED91D3576BA00FE7F94 /* Release */,
			);
			defaultConfigurationIsVisible = 0;
			defaultConfigurationName = Release;
		};
		ED628EDA1D3576BA00FE7F94 /* Build configuration list for PBXNativeTarget "discount_ascii_warehouse" */ = {
			isa = XCConfigurationList;
			buildConfigurations = (
				ED628EDB1D3576BA00FE7F94 /* Debug */,
				ED628EDC1D3576BA00FE7F94 /* Release */,
			);
			defaultConfigurationIsVisible = 0;
			defaultConfigurationName = Release;
		};
/* End XCConfigurationList section */

/* Begin XCVersionGroup section */
		ED628ECF1D3576BA00FE7F94 /* discount_ascii_warehouse.xcdatamodeld */ = {
			isa = XCVersionGroup;
			children = (
				ED628ED01D3576BA00FE7F94 /* discount_ascii_warehouse.xcdatamodel */,
			);
			currentVersion = ED628ED01D3576BA00FE7F94 /* discount_ascii_warehouse.xcdatamodel */;
			path = discount_ascii_warehouse.xcdatamodeld;
			sourceTree = "<group>";
			versionGroupType = wrapper.xcdatamodel;
		};
/* End XCVersionGroup section */
	};
	rootObject = ED628EB81D3576BA00FE7F94 /* Project object */;
}
